github.com/c2fo/testify v0.0.0-20150827203832-fba96363964a h1:lXGVReN5qeiyu6AZpIgYJN1PoXSy1koT3nUP3ZRMWm0=
github.com/c2fo/testify v0.0.0-20150827203832-fba96363964a/go.mod h1:NWprYCk3t+OPBp2UnxQ39EF9vPpUzoMr498TiqMA8jU=
github.com/mattn/go-sqlite3 v2.0.3+incompatible h1:gXHsfypPkaMZrKbD5209QV9jbUTJKjyR5WD3HYQSd+U=
github.com/mattn/go-sqlite3 v2.0.3+incompatible/go.mod h1:FPy6KqzDD04eiIsT53CuJW3U88zkxoIYsOqkbpncsNc=
gopkg.in/DATA-DOG/go-sqlmock.v1 v1.3.0 h1:FVCohIoYO7IJoDDVpV2pdq7SgrMH6wHnuTyrdrxJNoY=
gopkg.in/DATA-DOG/go-sqlmock.v1 v1.3.0/go.mod h1:OdE7CF6DbADk7lN8LIKRzRJTTZXIjtWgA5THM5lhBAw=
gopkg.in/check.v1 v0.0.0-20161208181325-20d25e280405 h1:yhCVgyC4o1eVCa2tZl7eS0r+SDo693bJlVdllGtEeKM=
gopkg.in/check.v1 v0.0.0-20161208181325-20d25e280405/go.mod h1:Co6ibVJAznAaIkqp8huTwlJQCZ016jof/cbN4VW5Yz0=
gopkg.in/doug-martin/goqu.v4 v4.2.0 h1:0vOI9Cv1CXKrZv670hNDQbHQDmmWkwB04T2RSrIxssc=
gopkg.in/doug-martin/goqu.v4 v4.2.0/go.mod h1:fL2FtLSQCRl/iOtzFUhNzekdGJWtG36nZdMyU12a7t8=
gopkg.in/yaml.v2 v2.2.8 h1:obN1ZagJSUGI0Ek/LBmuj4SNLPfIny3KsKFopxRdj10=
gopkg.in/yaml.v2 v2.2.8/go.mod h1:hI93XBmqTisBFMUTm0b8Fm+jr3Dg1NNxqwp+5A1VGuI=
